
Microsoft Visual Studio Solution File, Format Version 12.00
# Visual Studio Version 17
VisualStudioVersion = 17.0.31903.59
MinimumVisualStudioVersion = 10.0.40219.1
Project("{2150E333-8FDC-42A3-9474-1A3956D46DE8}") = "src", "src", "{827E0CD3-B72D-47B6-A68D-7590B98EB39B}"
EndProject
Project("{FAE04EC0-301F-11D3-BF4B-00C04F79EFBC}") = "PayFlow.Domain", "src\PayFlow.Domain\PayFlow.Domain.csproj", "{8903B4AD-80FC-4C81-8006-F2EAAC609424}"
EndProject
Project("{FAE04EC0-301F-11D3-BF4B-00C04F79EFBC}") = "PayFlow.Application", "src\PayFlow.Application\PayFlow.Application.csproj", "{C2AF36B2-0F81-4D10-8A7E-B63DE1E828E2}"
EndProject
Project("{FAE04EC0-301F-11D3-BF4B-00C04F79EFBC}") = "PayFlow.Infrastructure", "src\PayFlow.Infrastructure\PayFlow.Infrastructure.csproj", "{0590E879-F0B2-4BE7-AD3F-0DB26171B50C}"
EndProject
Project("{FAE04EC0-301F-11D3-BF4B-00C04F79EFBC}") = "PayFlow.Api", "src\PayFlow.Api\PayFlow.Api.csproj", "{73FD4355-A8D5-4534-998C-6CDCAC5CD5EC}"
EndProject
Project("{2150E333-8FDC-42A3-9474-1A3956D46DE8}") = "tests", "tests", "{0AB3BF05-4346-4AA6-1389-037BE0695223}"
EndProject
Project("{FAE04EC0-301F-11D3-BF4B-00C04F79EFBC}") = "PayFlow.UnitTests", "tests\PayFlow.UnitTests\PayFlow.UnitTests.csproj", "{D569CD0E-FC73-416A-AD7C-05C58B3F592A}"
EndProject
Project("{FAE04EC0-301F-11D3-BF4B-00C04F79EFBC}") = "PayFlow.IntegrationTests", "tests\PayFlow.IntegrationTests\PayFlow.IntegrationTests.csproj", "{55C04948-56D2-4B03-94DA-5A4BDA6D4239}"
EndProject
Global
	GlobalSection(SolutionConfigurationPlatforms) = preSolution
		Debug|Any CPU = Debug|Any CPU
		Debug|x64 = Debug|x64
		Debug|x86 = Debug|x86
		Release|Any CPU = Release|Any CPU
		Release|x64 = Release|x64
		Release|x86 = Release|x86
	EndGlobalSection
	GlobalSection(ProjectConfigurationPlatforms) = postSolution
		{8903B4AD-80FC-4C81-8006-F2EAAC609424}.Debug|Any CPU.ActiveCfg = Debug|Any CPU
		{8903B4AD-80FC-4C81-8006-F2EAAC609424}.Debug|Any CPU.Build.0 = Debug|Any CPU
		{8903B4AD-80FC-4C81-8006-F2EAAC609424}.Debug|x64.ActiveCfg = Debug|Any CPU
		{8903B4AD-80FC-4C81-8006-F2EAAC609424}.Debug|x64.Build.0 = Debug|Any CPU
		{8903B4AD-80FC-4C81-8006-F2EAAC609424}.Debug|x86.ActiveCfg = Debug|Any CPU
		{8903B4AD-80FC-4C81-8006-F2EAAC609424}.Debug|x86.Build.0 = Debug|Any CPU
		{8903B4AD-80FC-4C81-8006-F2EAAC609424}.Release|Any CPU.ActiveCfg = Release|Any CPU
		{8903B4AD-80FC-4C81-8006-F2EAAC609424}.Release|Any CPU.Build.0 = Release|Any CPU
		{8903B4AD-80FC-4C81-8006-F2EAAC609424}.Release|x64.ActiveCfg = Release|Any CPU
		{8903B4AD-80FC-4C81-8006-F2EAAC609424}.Release|x64.Build.0 = Release|Any CPU
		{8903B4AD-80FC-4C81-8006-F2EAAC609424}.Release|x86.ActiveCfg = Release|Any CPU
		{8903B4AD-80FC-4C81-8006-F2EAAC609424}.Release|x86.Build.0 = Release|Any CPU
		{C2AF36B2-0F81-4D10-8A7E-B63DE1E828E2}.Debug|Any CPU.ActiveCfg = Debug|Any CPU
		{C2AF36B2-0F81-4D10-8A7E-B63DE1E828E2}.Debug|Any CPU.Build.0 = Debug|Any CPU
		{C2AF36B2-0F81-4D10-8A7E-B63DE1E828E2}.Debug|x64.ActiveCfg = Debug|Any CPU
		{C2AF36B2-0F81-4D10-8A7E-B63DE1E828E2}.Debug|x64.Build.0 = Debug|Any CPU
		{C2AF36B2-0F81-4D10-8A7E-B63DE1E828E2}.Debug|x86.ActiveCfg = Debug|Any CPU
		{C2AF36B2-0F81-4D10-8A7E-B63DE1E828E2}.Debug|x86.Build.0 = Debug|Any CPU
		{C2AF36B2-0F81-4D10-8A7E-B63DE1E828E2}.Release|Any CPU.ActiveCfg = Release|Any CPU
		{C2AF36B2-0F81-4D10-8A7E-B63DE1E828E2}.Release|Any CPU.Build.0 = Release|Any CPU
		{C2AF36B2-0F81-4D10-8A7E-B63DE1E828E2}.Release|x64.ActiveCfg = Release|Any CPU
		{C2AF36B2-0F81-4D10-8A7E-B63DE1E828E2}.Release|x64.Build.0 = Release|Any CPU
		{C2AF36B2-0F81-4D10-8A7E-B63DE1E828E2}.Release|x86.ActiveCfg = Release|Any CPU
		{C2AF36B2-0F81-4D10-8A7E-B63DE1E828E2}.Release|x86.Build.0 = Release|Any CPU
		{0590E879-F0B2-4BE7-AD3F-0DB26171B50C}.Debug|Any CPU.ActiveCfg = Debug|Any CPU
		{0590E879-F0B2-4BE7-AD3F-0DB26171B50C}.Debug|Any CPU.Build.0 = Debug|Any CPU
		{0590E879-F0B2-4BE7-AD3F-0DB26171B50C}.Debug|x64.ActiveCfg = Debug|Any CPU
		{0590E879-F0B2-4BE7-AD3F-0DB26171B50C}.Debug|x64.Build.0 = Debug|Any CPU
		{0590E879-F0B2-4BE7-AD3F-0DB26171B50C}.Debug|x86.ActiveCfg = Debug|Any CPU
		{0590E879-F0B2-4BE7-AD3F-0DB26171B50C}.Debug|x86.Build.0 = Debug|Any CPU
		{0590E879-F0B2-4BE7-AD3F-0DB26171B50C}.Release|Any CPU.ActiveCfg = Release|Any CPU
		{0590E879-F0B2-4BE7-AD3F-0DB26171B50C}.Release|Any CPU.Build.0 = Release|Any CPU
		{0590E879-F0B2-4BE7-AD3F-0DB26171B50C}.Release|x64.ActiveCfg = Release|Any CPU
		{0590E879-F0B2-4BE7-AD3F-0DB26171B50C}.Release|x64.Build.0 = Release|Any CPU
		{0590E879-F0B2-4BE7-AD3F-0DB26171B50C}.Release|x86.ActiveCfg = Release|Any CPU
		{0590E879-F0B2-4BE7-AD3F-0DB26171B50C}.Release|x86.Build.0 = Release|Any CPU
		{73FD4355-A8D5-4534-998C-6CDCAC5CD5EC}.Debug|Any CPU.ActiveCfg = Debug|Any CPU
		{73FD4355-A8D5-4534-998C-6CDCAC5CD5EC}.Debug|Any CPU.Build.0 = Debug|Any CPU
		{73FD4355-A8D5-4534-998C-6CDCAC5CD5EC}.Debug|x64.ActiveCfg = Debug|Any CPU
		{73FD4355-A8D5-4534-998C-6CDCAC5CD5EC}.Debug|x64.Build.0 = Debug|Any CPU
		{73FD4355-A8D5-4534-998C-6CDCAC5CD5EC}.Debug|x86.ActiveCfg = Debug|Any CPU
		{73FD4355-A8D5-4534-998C-6CDCAC5CD5EC}.Debug|x86.Build.0 = Debug|Any CPU
		{73FD4355-A8D5-4534-998C-6CDCAC5CD5EC}.Release|Any CPU.ActiveCfg = Release|Any CPU
		{73FD4355-A8D5-4534-998C-6CDCAC5CD5EC}.Release|Any CPU.Build.0 = Release|Any CPU
		{73FD4355-A8D5-4534-998C-6CDCAC5CD5EC}.Release|x64.ActiveCfg = Release|Any CPU
		{73FD4355-A8D5-4534-998C-6CDCAC5CD5EC}.Release|x64.Build.0 = Release|Any CPU
		{73FD4355-A8D5-4534-998C-6CDCAC5CD5EC}.Release|x86.ActiveCfg = Release|Any CPU
		{73FD4355-A8D5-4534-998C-6CDCAC5CD5EC}.Release|x86.Build.0 = Release|Any CPU
		{D569CD0E-FC73-416A-AD7C-05C58B3F592A}.Debug|Any CPU.ActiveCfg = Debug|Any CPU
		{D569CD0E-FC73-416A-AD7C-05C58B3F592A}.Debug|Any CPU.Build.0 = Debug|Any CPU
		{D569CD0E-FC73-416A-AD7C-05C58B3F592A}.Debug|x64.ActiveCfg = Debug|Any CPU
		{D569CD0E-FC73-416A-AD7C-05C58B3F592A}.Debug|x64.Build.0 = Debug|Any CPU
		{D569CD0E-FC73-416A-AD7C-05C58B3F592A}.Debug|x86.ActiveCfg = Debug|Any CPU
		{D569CD0E-FC73-416A-AD7C-05C58B3F592A}.Debug|x86.Build.0 = Debug|Any CPU
		{D569CD0E-FC73-416A-AD7C-05C58B3F592A}.Release|Any CPU.ActiveCfg = Release|Any CPU
		{D569CD0E-FC73-416A-AD7C-05C58B3F592A}.Release|Any CPU.Build.0 = Release|Any CPU
		{D569CD0E-FC73-416A-AD7C-05C58B3F592A}.Release|x64.ActiveCfg = Release|Any CPU
		{D569CD0E-FC73-416A-AD7C-05C58B3F592A}.Release|x64.Build.0 = Release|Any CPU
		{D569CD0E-FC73-416A-AD7C-05C58B3F592A}.Release|x86.ActiveCfg = Release|Any CPU
		{D569CD0E-FC73-416A-AD7C-05C58B3F592A}.Release|x86.Build.0 = Release|Any CPU
		{55C04948-56D2-4B03-94DA-5A4BDA6D4239}.Debug|Any CPU.ActiveCfg = Debug|Any CPU
		{55C04948-56D2-4B03-94DA-5A4BDA6D4239}.Debug|Any CPU.Build.0 = Debug|Any CPU
		{55C04948-56D2-4B03-94DA-5A4BDA6D4239}.Debug|x64.ActiveCfg = Debug|Any CPU
		{55C04948-56D2-4B03-94DA-5A4BDA6D4239}.Debug|x64.Build.0 = Debug|Any CPU
		{55C04948-56D2-4B03-94DA-5A4BDA6D4239}.Debug|x86.ActiveCfg = Debug|Any CPU
		{55C04948-56D2-4B03-94DA-5A4BDA6D4239}.Debug|x86.Build.0 = Debug|Any CPU
		{55C04948-56D2-4B03-94DA-5A4BDA6D4239}.Release|Any CPU.ActiveCfg = Release|Any CPU
		{55C04948-56D2-4B03-94DA-5A4BDA6D4239}.Release|Any CPU.Build.0 = Release|Any CPU
		{55C04948-56D2-4B03-94DA-5A4BDA6D4239}.Release|x64.ActiveCfg = Release|Any CPU
		{55C04948-56D2-4B03-94DA-5A4BDA6D4239}.Release|x64.Build.0 = Release|Any CPU
		{55C04948-56D2-4B03-94DA-5A4BDA6D4239}.Release|x86.ActiveCfg = Release|Any CPU
		{55C04948-56D2-4B03-94DA-5A4BDA6D4239}.Release|x86.Build.0 = Release|Any CPU
	EndGlobalSection
	GlobalSection(SolutionProperties) = preSolution
		HideSolutionNode = FALSE
	EndGlobalSection
	GlobalSection(NestedProjects) = preSolution
		{8903B4AD-80FC-4C81-8006-F2EAAC609424} = {827E0CD3-B72D-47B6-A68D-7590B98EB39B}
		{C2AF36B2-0F81-4D10-8A7E-B63DE1E828E2} = {827E0CD3-B72D-47B6-A68D-7590B98EB39B}
		{0590E879-F0B2-4BE7-AD3F-0DB26171B50C} = {827E0CD3-B72D-47B6-A68D-7590B98EB39B}
		{73FD4355-A8D5-4534-998C-6CDCAC5CD5EC} = {827E0CD3-B72D-47B6-A68D-7590B98EB39B}
		{D569CD0E-FC73-416A-AD7C-05C58B3F592A} = {0AB3BF05-4346-4AA6-1389-037BE0695223}
		{55C04948-56D2-4B03-94DA-5A4BDA6D4239} = {0AB3BF05-4346-4AA6-1389-037BE0695223}
	EndGlobalSection
EndGlobal
